
Microsoft Visual Studio Solution File, Format Version 12.00
# Visual Studio Version 17
VisualStudioVersion = 17.9.34701.34
MinimumVisualStudioVersion = 10.0.40219.1
Project("{FAE04EC0-301F-11D3-BF4B-00C04F79EFBC}") = "HelloCSharp005_1", "HelloCSharp005_1\HelloCSharp005_1.csproj", "{0EEDC6D6-8C3C-45C1-9288-ECC257C946DD}"
EndProject
Project("{FAE04EC0-301F-11D3-BF4B-00C04F79EFBC}") = "HelloCSharp005_2", "HelloCSharp005_2\HelloCSharp005_2.csproj", "{1C47FCB8-BF82-40F6-8193-B576D2C8C7E9}"
EndProject
Project("{FAE04EC0-301F-11D3-BF4B-00C04F79EFBC}") = "HelloCSharp005_3", "HelloCSharp005_3\HelloCSharp005_3.csproj", "{EB572A62-7768-4A32-82CC-0F904BF1C742}"
EndProject
Project("{FAE04EC0-301F-11D3-BF4B-00C04F79EFBC}") = "HelloCSharp005_4w", "HelloCSharp005_4w\HelloCSharp005_4w.csproj", "{C14CDC58-C71E-4197-A49A-65821D85D1D2}"
EndProject
Project("{FAE04EC0-301F-11D3-BF4B-00C04F79EFBC}") = "NumberGame", "NumberGame\NumberGame.csproj", "{CA5B4977-CEB2-4A00-BF73-B8F3532E0336}"
EndProject
Project("{FAE04EC0-301F-11D3-BF4B-00C04F79EFBC}") = "Spidermine", "Spidermine\Spidermine.csproj", "{E3C2FE46-110D-4ADB-8093-15F1AD93B7C2}"
EndProject
Project("{FAE04EC0-301F-11D3-BF4B-00C04F79EFBC}") = "MyMath", "MyMath\MyMath.csproj", "{64820871-3757-4012-9524-525220897362}"
EndProject
Project("{FAE04EC0-301F-11D3-BF4B-00C04F79EFBC}") = "Spidermine2", "Spidermine2\Spidermine2.csproj", "{B25DE4A5-4AEF-4A2D-8419-847A7B8A4DF3}"
EndProject
Project("{FAE04EC0-301F-11D3-BF4B-00C04F79EFBC}") = "Inheritance", "Inheritance\Inheritance.csproj", "{2E0F6809-BDCB-4A74-87D3-E6637A1F1BA4}"
EndProject
Project("{FAE04EC0-301F-11D3-BF4B-00C04F79EFBC}") = "Abstract", "Abstract\Abstract.csproj", "{18889086-8F5E-4AFA-BD43-E069C0CE4CC8}"
EndProject
Project("{FAE04EC0-301F-11D3-BF4B-00C04F79EFBC}") = "Modal1", "Modal1\Modal1.csproj", "{1429B489-365A-4925-A470-AF1474893098}"
EndProject
Project("{FAE04EC0-301F-11D3-BF4B-00C04F79EFBC}") = "Modal2", "Modal2\Modal2.csproj", "{4BA96906-CEF9-4FB5-AB3E-7EC80D9D184B}"
EndProject
Global
	GlobalSection(SolutionConfigurationPlatforms) = preSolution
		Debug|Any CPU = Debug|Any CPU
		Release|Any CPU = Release|Any CPU
	EndGlobalSection
	GlobalSection(ProjectConfigurationPlatforms) = postSolution
		{0EEDC6D6-8C3C-45C1-9288-ECC257C946DD}.Debug|Any CPU.ActiveCfg = Debug|Any CPU
		{0EEDC6D6-8C3C-45C1-9288-ECC257C946DD}.Debug|Any CPU.Build.0 = Debug|Any CPU
		{0EEDC6D6-8C3C-45C1-9288-ECC257C946DD}.Release|Any CPU.ActiveCfg = Release|Any CPU
		{0EEDC6D6-8C3C-45C1-9288-ECC257C946DD}.Release|Any CPU.Build.0 = Release|Any CPU
		{1C47FCB8-BF82-40F6-8193-B576D2C8C7E9}.Debug|Any CPU.ActiveCfg = Debug|Any CPU
		{1C47FCB8-BF82-40F6-8193-B576D2C8C7E9}.Debug|Any CPU.Build.0 = Debug|Any CPU
		{1C47FCB8-BF82-40F6-8193-B576D2C8C7E9}.Release|Any CPU.ActiveCfg = Release|Any CPU
		{1C47FCB8-BF82-40F6-8193-B576D2C8C7E9}.Release|Any CPU.Build.0 = Release|Any CPU
		{EB572A62-7768-4A32-82CC-0F904BF1C742}.Debug|Any CPU.ActiveCfg = Debug|Any CPU
		{EB572A62-7768-4A32-82CC-0F904BF1C742}.Debug|Any CPU.Build.0 = Debug|Any CPU
		{EB572A62-7768-4A32-82CC-0F904BF1C742}.Release|Any CPU.ActiveCfg = Release|Any CPU
		{EB572A62-7768-4A32-82CC-0F904BF1C742}.Release|Any CPU.Build.0 = Release|Any CPU
		{C14CDC58-C71E-4197-A49A-65821D85D1D2}.Debug|Any CPU.ActiveCfg = Debug|Any CPU
		{C14CDC58-C71E-4197-A49A-65821D85D1D2}.Debug|Any CPU.Build.0 = Debug|Any CPU
		{C14CDC58-C71E-4197-A49A-65821D85D1D2}.Release|Any CPU.ActiveCfg = Release|Any CPU
		{C14CDC58-C71E-4197-A49A-65821D85D1D2}.Release|Any CPU.Build.0 = Release|Any CPU
		{CA5B4977-CEB2-4A00-BF73-B8F3532E0336}.Debug|Any CPU.ActiveCfg = Debug|Any CPU
		{CA5B4977-CEB2-4A00-BF73-B8F3532E0336}.Debug|Any CPU.Build.0 = Debug|Any CPU
		{CA5B4977-CEB2-4A00-BF73-B8F3532E0336}.Release|Any CPU.ActiveCfg = Release|Any CPU
		{CA5B4977-CEB2-4A00-BF73-B8F3532E0336}.Release|Any CPU.Build.0 = Release|Any CPU
		{E3C2FE46-110D-4ADB-8093-15F1AD93B7C2}.Debug|Any CPU.ActiveCfg = Debug|Any CPU
		{E3C2FE46-110D-4ADB-8093-15F1AD93B7C2}.Debug|Any CPU.Build.0 = Debug|Any CPU
		{E3C2FE46-110D-4ADB-8093-15F1AD93B7C2}.Release|Any CPU.ActiveCfg = Release|Any CPU
		{E3C2FE46-110D-4ADB-8093-15F1AD93B7C2}.Release|Any CPU.Build.0 = Release|Any CPU
		{64820871-3757-4012-9524-525220897362}.Debug|Any CPU.ActiveCfg = Debug|Any CPU
		{64820871-3757-4012-9524-525220897362}.Debug|Any CPU.Build.0 = Debug|Any CPU
		{64820871-3757-4012-9524-525220897362}.Release|Any CPU.ActiveCfg = Release|Any CPU
		{64820871-3757-4012-9524-525220897362}.Release|Any CPU.Build.0 = Release|Any CPU
		{B25DE4A5-4AEF-4A2D-8419-847A7B8A4DF3}.Debug|Any CPU.ActiveCfg = Debug|Any CPU
		{B25DE4A5-4AEF-4A2D-8419-847A7B8A4DF3}.Debug|Any CPU.Build.0 = Debug|Any CPU
		{B25DE4A5-4AEF-4A2D-8419-847A7B8A4DF3}.Release|Any CPU.ActiveCfg = Release|Any CPU
		{B25DE4A5-4AEF-4A2D-8419-847A7B8A4DF3}.Release|Any CPU.Build.0 = Release|Any CPU
		{2E0F6809-BDCB-4A74-87D3-E6637A1F1BA4}.Debug|Any CPU.ActiveCfg = Debug|Any CPU
		{2E0F6809-BDCB-4A74-87D3-E6637A1F1BA4}.Debug|Any CPU.Build.0 = Debug|Any CPU
		{2E0F6809-BDCB-4A74-87D3-E6637A1F1BA4}.Release|Any CPU.ActiveCfg = Release|Any CPU
		{2E0F6809-BDCB-4A74-87D3-E6637A1F1BA4}.Release|Any CPU.Build.0 = Release|Any CPU
		{18889086-8F5E-4AFA-BD43-E069C0CE4CC8}.Debug|Any CPU.ActiveCfg = Debug|Any CPU
		{18889086-8F5E-4AFA-BD43-E069C0CE4CC8}.Debug|Any CPU.Build.0 = Debug|Any CPU
		{18889086-8F5E-4AFA-BD43-E069C0CE4CC8}.Release|Any CPU.ActiveCfg = Release|Any CPU
		{18889086-8F5E-4AFA-BD43-E069C0CE4CC8}.Release|Any CPU.Build.0 = Release|Any CPU
		{1429B489-365A-4925-A470-AF1474893098}.Debug|Any CPU.ActiveCfg = Debug|Any CPU
		{1429B489-365A-4925-A470-AF1474893098}.Debug|Any CPU.Build.0 = Debug|Any CPU
		{1429B489-365A-4925-A470-AF1474893098}.Release|Any CPU.ActiveCfg = Release|Any CPU
		{1429B489-365A-4925-A470-AF1474893098}.Release|Any CPU.Build.0 = Release|Any CPU
		{4BA96906-CEF9-4FB5-AB3E-7EC80D9D184B}.Debug|Any CPU.ActiveCfg = Debug|Any CPU
		{4BA96906-CEF9-4FB5-AB3E-7EC80D9D184B}.Debug|Any CPU.Build.0 = Debug|Any CPU
		{4BA96906-CEF9-4FB5-AB3E-7EC80D9D184B}.Release|Any CPU.ActiveCfg = Release|Any CPU
		{4BA96906-CEF9-4FB5-AB3E-7EC80D9D184B}.Release|Any CPU.Build.0 = Release|Any CPU
	EndGlobalSection
	GlobalSection(SolutionProperties) = preSolution
		HideSolutionNode = FALSE
	EndGlobalSection
	GlobalSection(ExtensibilityGlobals) = postSolution
		SolutionGuid = {DD6065B6-5302-46A8-8A02-F88F79F8BCFB}
	EndGlobalSection
EndGlobal
