
Microsoft Visual Studio Solution File, Format Version 12.00
# Visual Studio Version 17
VisualStudioVersion = 17.9.34714.143
MinimumVisualStudioVersion = 10.0.40219.1
Project("{FAE04EC0-301F-11D3-BF4B-00C04F79EFBC}") = "ConsoleApp1", "ConsoleApp1\ConsoleApp1.csproj", "{238E3983-131F-4574-83F6-88C1C6C9C6E3}"
EndProject
Project("{FAE04EC0-301F-11D3-BF4B-00C04F79EFBC}") = "ConsoleApp2", "ConsoleApp2\ConsoleApp2.csproj", "{A736D959-A000-42F2-B368-F45B01BF346F}"
EndProject
Project("{FAE04EC0-301F-11D3-BF4B-00C04F79EFBC}") = "ConsoleApp3", "ConsoleApp3\ConsoleApp3.csproj", "{34CBC608-28FC-4E40-AB3C-D8BACCF4C205}"
EndProject
Project("{FAE04EC0-301F-11D3-BF4B-00C04F79EFBC}") = "WindowsFormsApp1", "WindowsFormsApp1\WindowsFormsApp1.csproj", "{E92A59BB-25B5-423F-8250-F1A8307D6CDE}"
EndProject
Project("{FAE04EC0-301F-11D3-BF4B-00C04F79EFBC}") = "ConsoleApp4", "ConsoleApp4\ConsoleApp4.csproj", "{B21779C4-C991-4E72-B32A-84F9D7C068BA}"
EndProject
Project("{FAE04EC0-301F-11D3-BF4B-00C04F79EFBC}") = "BookManager", "BookManager\BookManager.csproj", "{57FFC6B7-A5F7-4175-B21D-4BA30ED30A21}"
EndProject
Project("{FAE04EC0-301F-11D3-BF4B-00C04F79EFBC}") = "ConsoleApp5", "ConsoleApp5\ConsoleApp5.csproj", "{7467ECD1-7EE2-42EA-BCBD-A39F766BB2F7}"
EndProject
Project("{FAE04EC0-301F-11D3-BF4B-00C04F79EFBC}") = "SingleTonPrac", "SingleTonPrac\SingleTonPrac.csproj", "{75532802-C193-461F-953A-A560FACD1FE2}"
EndProject
Global
	GlobalSection(SolutionConfigurationPlatforms) = preSolution
		Debug|Any CPU = Debug|Any CPU
		Release|Any CPU = Release|Any CPU
	EndGlobalSection
	GlobalSection(ProjectConfigurationPlatforms) = postSolution
		{238E3983-131F-4574-83F6-88C1C6C9C6E3}.Debug|Any CPU.ActiveCfg = Debug|Any CPU
		{238E3983-131F-4574-83F6-88C1C6C9C6E3}.Debug|Any CPU.Build.0 = Debug|Any CPU
		{238E3983-131F-4574-83F6-88C1C6C9C6E3}.Release|Any CPU.ActiveCfg = Release|Any CPU
		{238E3983-131F-4574-83F6-88C1C6C9C6E3}.Release|Any CPU.Build.0 = Release|Any CPU
		{A736D959-A000-42F2-B368-F45B01BF346F}.Debug|Any CPU.ActiveCfg = Debug|Any CPU
		{A736D959-A000-42F2-B368-F45B01BF346F}.Debug|Any CPU.Build.0 = Debug|Any CPU
		{A736D959-A000-42F2-B368-F45B01BF346F}.Release|Any CPU.ActiveCfg = Release|Any CPU
		{A736D959-A000-42F2-B368-F45B01BF346F}.Release|Any CPU.Build.0 = Release|Any CPU
		{34CBC608-28FC-4E40-AB3C-D8BACCF4C205}.Debug|Any CPU.ActiveCfg = Debug|Any CPU
		{34CBC608-28FC-4E40-AB3C-D8BACCF4C205}.Debug|Any CPU.Build.0 = Debug|Any CPU
		{34CBC608-28FC-4E40-AB3C-D8BACCF4C205}.Release|Any CPU.ActiveCfg = Release|Any CPU
		{34CBC608-28FC-4E40-AB3C-D8BACCF4C205}.Release|Any CPU.Build.0 = Release|Any CPU
		{E92A59BB-25B5-423F-8250-F1A8307D6CDE}.Debug|Any CPU.ActiveCfg = Debug|Any CPU
		{E92A59BB-25B5-423F-8250-F1A8307D6CDE}.Debug|Any CPU.Build.0 = Debug|Any CPU
		{E92A59BB-25B5-423F-8250-F1A8307D6CDE}.Release|Any CPU.ActiveCfg = Release|Any CPU
		{E92A59BB-25B5-423F-8250-F1A8307D6CDE}.Release|Any CPU.Build.0 = Release|Any CPU
		{B21779C4-C991-4E72-B32A-84F9D7C068BA}.Debug|Any CPU.ActiveCfg = Debug|Any CPU
		{B21779C4-C991-4E72-B32A-84F9D7C068BA}.Debug|Any CPU.Build.0 = Debug|Any CPU
		{B21779C4-C991-4E72-B32A-84F9D7C068BA}.Release|Any CPU.ActiveCfg = Release|Any CPU
		{B21779C4-C991-4E72-B32A-84F9D7C068BA}.Release|Any CPU.Build.0 = Release|Any CPU
		{57FFC6B7-A5F7-4175-B21D-4BA30ED30A21}.Debug|Any CPU.ActiveCfg = Debug|Any CPU
		{57FFC6B7-A5F7-4175-B21D-4BA30ED30A21}.Debug|Any CPU.Build.0 = Debug|Any CPU
		{57FFC6B7-A5F7-4175-B21D-4BA30ED30A21}.Release|Any CPU.ActiveCfg = Release|Any CPU
		{57FFC6B7-A5F7-4175-B21D-4BA30ED30A21}.Release|Any CPU.Build.0 = Release|Any CPU
		{7467ECD1-7EE2-42EA-BCBD-A39F766BB2F7}.Debug|Any CPU.ActiveCfg = Debug|Any CPU
		{7467ECD1-7EE2-42EA-BCBD-A39F766BB2F7}.Debug|Any CPU.Build.0 = Debug|Any CPU
		{7467ECD1-7EE2-42EA-BCBD-A39F766BB2F7}.Release|Any CPU.ActiveCfg = Release|Any CPU
		{7467ECD1-7EE2-42EA-BCBD-A39F766BB2F7}.Release|Any CPU.Build.0 = Release|Any CPU
		{75532802-C193-461F-953A-A560FACD1FE2}.Debug|Any CPU.ActiveCfg = Debug|Any CPU
		{75532802-C193-461F-953A-A560FACD1FE2}.Debug|Any CPU.Build.0 = Debug|Any CPU
		{75532802-C193-461F-953A-A560FACD1FE2}.Release|Any CPU.ActiveCfg = Release|Any CPU
		{75532802-C193-461F-953A-A560FACD1FE2}.Release|Any CPU.Build.0 = Release|Any CPU
	EndGlobalSection
	GlobalSection(SolutionProperties) = preSolution
		HideSolutionNode = FALSE
	EndGlobalSection
	GlobalSection(ExtensibilityGlobals) = postSolution
		SolutionGuid = {4D1497E9-278F-4498-B952-10B06152DE61}
	EndGlobalSection
EndGlobal
