
Microsoft Visual Studio Solution File, Format Version 12.00
# Visual Studio Version 17
VisualStudioVersion = 17.9.34701.34
MinimumVisualStudioVersion = 10.0.40219.1
Project("{FAE04EC0-301F-11D3-BF4B-00C04F79EFBC}") = "WindowsFormsApp1", "WindowsFormsApp1\WindowsFormsApp1.csproj", "{5A0D095C-5B9C-40A9-9596-746A7213172D}"
EndProject
Project("{FAE04EC0-301F-11D3-BF4B-00C04F79EFBC}") = "HelloCSharp002_1", "HelloCSharp002_1\HelloCSharp002_1.csproj", "{F308C5D3-7298-48ED-83B0-FC2E6ED8F8CC}"
EndProject
Project("{FAE04EC0-301F-11D3-BF4B-00C04F79EFBC}") = "HelloCSharp002_1_1", "HelloCSharp002_1_1\HelloCSharp002_1_1.csproj", "{346BCEEE-046C-4B77-8B9F-8825C94A0E83}"
EndProject
Project("{FAE04EC0-301F-11D3-BF4B-00C04F79EFBC}") = "HelloCSharp002_2", "HelloCSharp002_2\HelloCSharp002_2.csproj", "{D170B28F-4546-4071-B9B7-043FCAC6C02A}"
EndProject
Project("{FAE04EC0-301F-11D3-BF4B-00C04F79EFBC}") = "HelloCSharp002_3", "HelloCSharp002_3\HelloCSharp002_3.csproj", "{125F7F00-E2B3-4303-9167-CEB15DAC24C4}"
EndProject
Project("{FAE04EC0-301F-11D3-BF4B-00C04F79EFBC}") = "HelloCSharp002_4", "HelloCSharp002_4\HelloCSharp002_4.csproj", "{82D66CE1-DFAE-41D7-A4B4-60F138E0A828}"
EndProject
Project("{FAE04EC0-301F-11D3-BF4B-00C04F79EFBC}") = "HelloCSharp002_5", "HelloCSharp002_5\HelloCSharp002_5.csproj", "{242420DD-41B1-4195-80FC-3467A8A4EF15}"
EndProject
Project("{FAE04EC0-301F-11D3-BF4B-00C04F79EFBC}") = "HelloCSharp002_6", "HelloCSharp002_6\HelloCSharp002_6.csproj", "{1A384D5F-2368-4BD4-AA28-FB80FD1CB1C9}"
EndProject
Project("{FAE04EC0-301F-11D3-BF4B-00C04F79EFBC}") = "HelloCSharp002_7", "HelloCSharp002_7\HelloCSharp002_7.csproj", "{C70535F9-BE36-4E9B-9BC0-945E7C06D816}"
EndProject
Global
	GlobalSection(SolutionConfigurationPlatforms) = preSolution
		Debug|Any CPU = Debug|Any CPU
		Release|Any CPU = Release|Any CPU
	EndGlobalSection
	GlobalSection(ProjectConfigurationPlatforms) = postSolution
		{5A0D095C-5B9C-40A9-9596-746A7213172D}.Debug|Any CPU.ActiveCfg = Debug|Any CPU
		{5A0D095C-5B9C-40A9-9596-746A7213172D}.Debug|Any CPU.Build.0 = Debug|Any CPU
		{5A0D095C-5B9C-40A9-9596-746A7213172D}.Release|Any CPU.ActiveCfg = Release|Any CPU
		{5A0D095C-5B9C-40A9-9596-746A7213172D}.Release|Any CPU.Build.0 = Release|Any CPU
		{F308C5D3-7298-48ED-83B0-FC2E6ED8F8CC}.Debug|Any CPU.ActiveCfg = Debug|Any CPU
		{F308C5D3-7298-48ED-83B0-FC2E6ED8F8CC}.Debug|Any CPU.Build.0 = Debug|Any CPU
		{F308C5D3-7298-48ED-83B0-FC2E6ED8F8CC}.Release|Any CPU.ActiveCfg = Release|Any CPU
		{F308C5D3-7298-48ED-83B0-FC2E6ED8F8CC}.Release|Any CPU.Build.0 = Release|Any CPU
		{346BCEEE-046C-4B77-8B9F-8825C94A0E83}.Debug|Any CPU.ActiveCfg = Debug|Any CPU
		{346BCEEE-046C-4B77-8B9F-8825C94A0E83}.Debug|Any CPU.Build.0 = Debug|Any CPU
		{346BCEEE-046C-4B77-8B9F-8825C94A0E83}.Release|Any CPU.ActiveCfg = Release|Any CPU
		{346BCEEE-046C-4B77-8B9F-8825C94A0E83}.Release|Any CPU.Build.0 = Release|Any CPU
		{D170B28F-4546-4071-B9B7-043FCAC6C02A}.Debug|Any CPU.ActiveCfg = Debug|Any CPU
		{D170B28F-4546-4071-B9B7-043FCAC6C02A}.Debug|Any CPU.Build.0 = Debug|Any CPU
		{D170B28F-4546-4071-B9B7-043FCAC6C02A}.Release|Any CPU.ActiveCfg = Release|Any CPU
		{D170B28F-4546-4071-B9B7-043FCAC6C02A}.Release|Any CPU.Build.0 = Release|Any CPU
		{125F7F00-E2B3-4303-9167-CEB15DAC24C4}.Debug|Any CPU.ActiveCfg = Debug|Any CPU
		{125F7F00-E2B3-4303-9167-CEB15DAC24C4}.Debug|Any CPU.Build.0 = Debug|Any CPU
		{125F7F00-E2B3-4303-9167-CEB15DAC24C4}.Release|Any CPU.ActiveCfg = Release|Any CPU
		{125F7F00-E2B3-4303-9167-CEB15DAC24C4}.Release|Any CPU.Build.0 = Release|Any CPU
		{82D66CE1-DFAE-41D7-A4B4-60F138E0A828}.Debug|Any CPU.ActiveCfg = Debug|Any CPU
		{82D66CE1-DFAE-41D7-A4B4-60F138E0A828}.Debug|Any CPU.Build.0 = Debug|Any CPU
		{82D66CE1-DFAE-41D7-A4B4-60F138E0A828}.Release|Any CPU.ActiveCfg = Release|Any CPU
		{82D66CE1-DFAE-41D7-A4B4-60F138E0A828}.Release|Any CPU.Build.0 = Release|Any CPU
		{242420DD-41B1-4195-80FC-3467A8A4EF15}.Debug|Any CPU.ActiveCfg = Debug|Any CPU
		{242420DD-41B1-4195-80FC-3467A8A4EF15}.Debug|Any CPU.Build.0 = Debug|Any CPU
		{242420DD-41B1-4195-80FC-3467A8A4EF15}.Release|Any CPU.ActiveCfg = Release|Any CPU
		{242420DD-41B1-4195-80FC-3467A8A4EF15}.Release|Any CPU.Build.0 = Release|Any CPU
		{1A384D5F-2368-4BD4-AA28-FB80FD1CB1C9}.Debug|Any CPU.ActiveCfg = Debug|Any CPU
		{1A384D5F-2368-4BD4-AA28-FB80FD1CB1C9}.Debug|Any CPU.Build.0 = Debug|Any CPU
		{1A384D5F-2368-4BD4-AA28-FB80FD1CB1C9}.Release|Any CPU.ActiveCfg = Release|Any CPU
		{1A384D5F-2368-4BD4-AA28-FB80FD1CB1C9}.Release|Any CPU.Build.0 = Release|Any CPU
		{C70535F9-BE36-4E9B-9BC0-945E7C06D816}.Debug|Any CPU.ActiveCfg = Debug|Any CPU
		{C70535F9-BE36-4E9B-9BC0-945E7C06D816}.Debug|Any CPU.Build.0 = Debug|Any CPU
		{C70535F9-BE36-4E9B-9BC0-945E7C06D816}.Release|Any CPU.ActiveCfg = Release|Any CPU
		{C70535F9-BE36-4E9B-9BC0-945E7C06D816}.Release|Any CPU.Build.0 = Release|Any CPU
	EndGlobalSection
	GlobalSection(SolutionProperties) = preSolution
		HideSolutionNode = FALSE
	EndGlobalSection
	GlobalSection(ExtensibilityGlobals) = postSolution
		SolutionGuid = {E1200DA7-53CA-44AA-8CB4-C69A0BAA66A0}
	EndGlobalSection
EndGlobal
